
Microsoft Visual Studio Solution File, Format Version 12.00
# Visual Studio Version 16
VisualStudioVersion = 16.0.29911.84
MinimumVisualStudioVersion = 10.0.40219.1
Project("{FAE04EC0-301F-11D3-BF4B-00C04F79EFBC}") = "VisorFotos", "VisorFotos\VisorFotos.csproj", "{647D269D-87FC-418D-92F3-76A236BDBB3E}"
EndProject
Project("{FAE04EC0-301F-11D3-BF4B-00C04F79EFBC}") = "Prueba", "Prueba\Prueba.csproj", "{51C7D1BE-1A9A-470F-B907-9B37C089A74B}"
EndProject
Global
	GlobalSection(SolutionConfigurationPlatforms) = preSolution
		Debug|Any CPU = Debug|Any CPU
		Release|Any CPU = Release|Any CPU
	EndGlobalSection
	GlobalSection(ProjectConfigurationPlatforms) = postSolution
		{647D269D-87FC-418D-92F3-76A236BDBB3E}.Debug|Any CPU.ActiveCfg = Debug|Any CPU
		{647D269D-87FC-418D-92F3-76A236BDBB3E}.Debug|Any CPU.Build.0 = Debug|Any CPU
		{647D269D-87FC-418D-92F3-76A236BDBB3E}.Release|Any CPU.ActiveCfg = Release|Any CPU
		{647D269D-87FC-418D-92F3-76A236BDBB3E}.Release|Any CPU.Build.0 = Release|Any CPU
		{51C7D1BE-1A9A-470F-B907-9B37C089A74B}.Debug|Any CPU.ActiveCfg = Debug|Any CPU
		{51C7D1BE-1A9A-470F-B907-9B37C089A74B}.Debug|Any CPU.Build.0 = Debug|Any CPU
		{51C7D1BE-1A9A-470F-B907-9B37C089A74B}.Release|Any CPU.ActiveCfg = Release|Any CPU
		{51C7D1BE-1A9A-470F-B907-9B37C089A74B}.Release|Any CPU.Build.0 = Release|Any CPU
	EndGlobalSection
	GlobalSection(SolutionProperties) = preSolution
		HideSolutionNode = FALSE
	EndGlobalSection
	GlobalSection(ExtensibilityGlobals) = postSolution
		SolutionGuid = {C4CE8838-D7B6-435F-A3FB-86764A44C2D0}
	EndGlobalSection
EndGlobal
